{
  "name": "zxm-node-cache",
  "version": "1.0.0",
  "lockfileVersion": 1,
  "requires": true,
  "dependencies": {
    "@types/node": {
      "version": "14.14.33",
      "resolved": "https://registry.npm.taobao.org/@types/node/download/@types/node-14.14.33.tgz",
      "integrity": "sha1-nk+MZDRVIuToznezNKiqpk4rbHg=",
      "dev": true
    },
    "dayjs": {
      "version": "1.10.4",
      "resolved": "https://registry.npm.taobao.org/dayjs/download/dayjs-1.10.4.tgz",
      "integrity": "sha1-jlRKm4aD9heD9XCYCoqA6vVKseI="
    }
  }
}
